// !$*UTF8*$!
{
	archiveVersion = 1;
	classes = {
	};
	objectVersion = 56;
	objects = {

/* Begin PBXBuildFile section */
		68105AF92C9D077B00B2CEC5 /* FormListView.swift in Sources */ = {isa = PBXBuildFile; fileRef = 68105AF82C9D077B00B2CEC5 /* FormListView.swift */; };
		68105B062C9D35BE00B2CEC5 /* QuestionModel.swift in Sources */ = {isa = PBXBuildFile; fileRef = 68105B052C9D35BE00B2CEC5 /* QuestionModel.swift */; };
		68105B082C9D4C6800B2CEC5 /* NewFormComponent.swift in Sources */ = {isa = PBXBuildFile; fileRef = 68105B072C9D4C6800B2CEC5 /* NewFormComponent.swift */; };
		68105B0A2C9E921100B2CEC5 /* ResponseView.swift in Sources */ = {isa = PBXBuildFile; fileRef = 68105B092C9E921100B2CEC5 /* ResponseView.swift */; };
		68105B0C2C9E9D3800B2CEC5 /* OptionModel.swift in Sources */ = {isa = PBXBuildFile; fileRef = 68105B0B2C9E9D3800B2CEC5 /* OptionModel.swift */; };
		68105B0F2CA09BA800B2CEC5 /* Alamofire in Frameworks */ = {isa = PBXBuildFile; productRef = 68105B0E2CA09BA800B2CEC5 /* Alamofire */; };
		68105B112CA09BA800B2CEC5 /* AlamofireDynamic in Frameworks */ = {isa = PBXBuildFile; productRef = 68105B102CA09BA800B2CEC5 /* AlamofireDynamic */; };
		68105B142CA09FE000B2CEC5 /* FormDataService.swift in Sources */ = {isa = PBXBuildFile; fileRef = 68105B132CA09FE000B2CEC5 /* FormDataService.swift */; };
		68105B162CA0A00600B2CEC5 /* FormModel.swift in Sources */ = {isa = PBXBuildFile; fileRef = 68105B152CA0A00600B2CEC5 /* FormModel.swift */; };
		6817759A2C9BC90F00E71EEA /* dynamics_formsApp.swift in Sources */ = {isa = PBXBuildFile; fileRef = 681775992C9BC90F00E71EEA /* dynamics_formsApp.swift */; };
		6817759C2C9BC90F00E71EEA /* HomeView.swift in Sources */ = {isa = PBXBuildFile; fileRef = 6817759B2C9BC90F00E71EEA /* HomeView.swift */; };
		6817759E2C9BC91000E71EEA /* Assets.xcassets in Resources */ = {isa = PBXBuildFile; fileRef = 6817759D2C9BC91000E71EEA /* Assets.xcassets */; };
		681775A12C9BC91000E71EEA /* Preview Assets.xcassets in Resources */ = {isa = PBXBuildFile; fileRef = 681775A02C9BC91000E71EEA /* Preview Assets.xcassets */; };
		681775A82C9BDA1500E71EEA /* HomeViewModel.swift in Sources */ = {isa = PBXBuildFile; fileRef = 681775A72C9BDA1500E71EEA /* HomeViewModel.swift */; };
		682D455D2CA107D600BF743B /* HttpInterface.swift in Sources */ = {isa = PBXBuildFile; fileRef = 682D455C2CA107D600BF743B /* HttpInterface.swift */; };
		682D455F2CA1084800BF743B /* HttpUrlSeassion.swift in Sources */ = {isa = PBXBuildFile; fileRef = 682D455E2CA1084800BF743B /* HttpUrlSeassion.swift */; };
		682D45642CA12DB500BF743B /* CreateFormViewModel.swift in Sources */ = {isa = PBXBuildFile; fileRef = 682D45632CA12DB500BF743B /* CreateFormViewModel.swift */; };
		68A497292C9BE4FD00633C0B /* CreateFormView.swift in Sources */ = {isa = PBXBuildFile; fileRef = 68A497282C9BE4FD00633C0B /* CreateFormView.swift */; };
		68F0A0B42CA4F112008722A0 /* ResponseModel.swift in Sources */ = {isa = PBXBuildFile; fileRef = 68F0A0B32CA4F112008722A0 /* ResponseModel.swift */; };
		68F0A0B62CA4F12C008722A0 /* ResponseFormModel.swift in Sources */ = {isa = PBXBuildFile; fileRef = 68F0A0B52CA4F12C008722A0 /* ResponseFormModel.swift */; };
/* End PBXBuildFile section */

/* Begin PBXFileReference section */
		65A361DE4CD8FC8AA6C40625 /* Pods-dynamics-forms.debug.xcconfig */ = {isa = PBXFileReference; includeInIndex = 1; lastKnownFileType = text.xcconfig; name = "Pods-dynamics-forms.debug.xcconfig"; path = "Target Support Files/Pods-dynamics-forms/Pods-dynamics-forms.debug.xcconfig"; sourceTree = "<group>"; };
		68105AF82C9D077B00B2CEC5 /* FormListView.swift */ = {isa = PBXFileReference; lastKnownFileType = sourcecode.swift; path = FormListView.swift; sourceTree = "<group>"; };
		68105B052C9D35BE00B2CEC5 /* QuestionModel.swift */ = {isa = PBXFileReference; lastKnownFileType = sourcecode.swift; path = QuestionModel.swift; sourceTree = "<group>"; };
		68105B072C9D4C6800B2CEC5 /* NewFormComponent.swift */ = {isa = PBXFileReference; lastKnownFileType = sourcecode.swift; path = NewFormComponent.swift; sourceTree = "<group>"; };
		68105B092C9E921100B2CEC5 /* ResponseView.swift */ = {isa = PBXFileReference; lastKnownFileType = sourcecode.swift; path = ResponseView.swift; sourceTree = "<group>"; };
		68105B0B2C9E9D3800B2CEC5 /* OptionModel.swift */ = {isa = PBXFileReference; lastKnownFileType = sourcecode.swift; path = OptionModel.swift; sourceTree = "<group>"; };
		68105B132CA09FE000B2CEC5 /* FormDataService.swift */ = {isa = PBXFileReference; lastKnownFileType = sourcecode.swift; path = FormDataService.swift; sourceTree = "<group>"; };
		68105B152CA0A00600B2CEC5 /* FormModel.swift */ = {isa = PBXFileReference; lastKnownFileType = sourcecode.swift; path = FormModel.swift; sourceTree = "<group>"; };
		681775962C9BC90F00E71EEA /* dynamics-forms.app */ = {isa = PBXFileReference; explicitFileType = wrapper.application; includeInIndex = 0; path = "dynamics-forms.app"; sourceTree = BUILT_PRODUCTS_DIR; };
		681775992C9BC90F00E71EEA /* dynamics_formsApp.swift */ = {isa = PBXFileReference; lastKnownFileType = sourcecode.swift; path = dynamics_formsApp.swift; sourceTree = "<group>"; };
		6817759B2C9BC90F00E71EEA /* HomeView.swift */ = {isa = PBXFileReference; lastKnownFileType = sourcecode.swift; path = HomeView.swift; sourceTree = "<group>"; };
		6817759D2C9BC91000E71EEA /* Assets.xcassets */ = {isa = PBXFileReference; lastKnownFileType = folder.assetcatalog; path = Assets.xcassets; sourceTree = "<group>"; };
		681775A02C9BC91000E71EEA /* Preview Assets.xcassets */ = {isa = PBXFileReference; lastKnownFileType = folder.assetcatalog; path = "Preview Assets.xcassets"; sourceTree = "<group>"; };
		681775A72C9BDA1500E71EEA /* HomeViewModel.swift */ = {isa = PBXFileReference; lastKnownFileType = sourcecode.swift; path = HomeViewModel.swift; sourceTree = "<group>"; };
		682D455C2CA107D600BF743B /* HttpInterface.swift */ = {isa = PBXFileReference; lastKnownFileType = sourcecode.swift; path = HttpInterface.swift; sourceTree = "<group>"; };
		682D455E2CA1084800BF743B /* HttpUrlSeassion.swift */ = {isa = PBXFileReference; lastKnownFileType = sourcecode.swift; path = HttpUrlSeassion.swift; sourceTree = "<group>"; };
		682D45632CA12DB500BF743B /* CreateFormViewModel.swift */ = {isa = PBXFileReference; lastKnownFileType = sourcecode.swift; path = CreateFormViewModel.swift; sourceTree = "<group>"; };
		68A497282C9BE4FD00633C0B /* CreateFormView.swift */ = {isa = PBXFileReference; lastKnownFileType = sourcecode.swift; path = CreateFormView.swift; sourceTree = "<group>"; };
		68F0A0B32CA4F112008722A0 /* ResponseModel.swift */ = {isa = PBXFileReference; lastKnownFileType = sourcecode.swift; path = ResponseModel.swift; sourceTree = "<group>"; };
		68F0A0B52CA4F12C008722A0 /* ResponseFormModel.swift */ = {isa = PBXFileReference; lastKnownFileType = sourcecode.swift; path = ResponseFormModel.swift; sourceTree = "<group>"; };
		6E4D0FDACF951CF2ACD82F86 /* Pods-dynamics-forms.release.xcconfig */ = {isa = PBXFileReference; includeInIndex = 1; lastKnownFileType = text.xcconfig; name = "Pods-dynamics-forms.release.xcconfig"; path = "Target Support Files/Pods-dynamics-forms/Pods-dynamics-forms.release.xcconfig"; sourceTree = "<group>"; };
/* End PBXFileReference section */

/* Begin PBXFrameworksBuildPhase section */
		681775932C9BC90F00E71EEA /* Frameworks */ = {
			isa = PBXFrameworksBuildPhase;
			buildActionMask = 2147483647;
			files = (
				68105B112CA09BA800B2CEC5 /* AlamofireDynamic in Frameworks */,
				68105B0F2CA09BA800B2CEC5 /* Alamofire in Frameworks */,
			);
			runOnlyForDeploymentPostprocessing = 0;
		};
/* End PBXFrameworksBuildPhase section */

/* Begin PBXGroup section */
		68105AFE2C9D1FA000B2CEC5 /* core */ = {
			isa = PBXGroup;
			children = (
				68105B012C9D1FE600B2CEC5 /* Components */,
				681775A92C9BDA2100E71EEA /* Home */,
			);
			path = core;
			sourceTree = "<group>";
		};
		68105AFF2C9D1FBF00B2CEC5 /* Views */ = {
			isa = PBXGroup;
			children = (
				68A497282C9BE4FD00633C0B /* CreateFormView.swift */,
				6817759B2C9BC90F00E71EEA /* HomeView.swift */,
				68105B092C9E921100B2CEC5 /* ResponseView.swift */,
			);
			path = Views;
			sourceTree = "<group>";
		};
		68105B012C9D1FE600B2CEC5 /* Components */ = {
			isa = PBXGroup;
			children = (
				68105AF82C9D077B00B2CEC5 /* FormListView.swift */,
				68105B072C9D4C6800B2CEC5 /* NewFormComponent.swift */,
			);
			path = Components;
			sourceTree = "<group>";
		};
		68105B022C9D1FF500B2CEC5 /* ViewModels */ = {
			isa = PBXGroup;
			children = (
				681775A72C9BDA1500E71EEA /* HomeViewModel.swift */,
				682D45632CA12DB500BF743B /* CreateFormViewModel.swift */,
			);
			path = ViewModels;
			sourceTree = "<group>";
		};
		68105B042C9D35A300B2CEC5 /* Models */ = {
			isa = PBXGroup;
			children = (
				68105B052C9D35BE00B2CEC5 /* QuestionModel.swift */,
				68105B0B2C9E9D3800B2CEC5 /* OptionModel.swift */,
				68105B152CA0A00600B2CEC5 /* FormModel.swift */,
				68F0A0B32CA4F112008722A0 /* ResponseModel.swift */,
				68F0A0B52CA4F12C008722A0 /* ResponseFormModel.swift */,
			);
			path = Models;
			sourceTree = "<group>";
		};
		68105B122CA09FA500B2CEC5 /* Services */ = {
			isa = PBXGroup;
			children = (
				68105B132CA09FE000B2CEC5 /* FormDataService.swift */,
			);
			path = Services;
			sourceTree = "<group>";
		};
		6817758D2C9BC90F00E71EEA = {
			isa = PBXGroup;
			children = (
				681775982C9BC90F00E71EEA /* dynamics-forms */,
				681775972C9BC90F00E71EEA /* Products */,
				A3B268D78D45DCF6DB2AF175 /* Pods */,
			);
			sourceTree = "<group>";
		};
		681775972C9BC90F00E71EEA /* Products */ = {
			isa = PBXGroup;
			children = (
				681775962C9BC90F00E71EEA /* dynamics-forms.app */,
			);
			name = Products;
			sourceTree = "<group>";
		};
		681775982C9BC90F00E71EEA /* dynamics-forms */ = {
			isa = PBXGroup;
			children = (
				68F0A0B12CA4EDFF008722A0 /* Network */,
				68105B122CA09FA500B2CEC5 /* Services */,
				68105B042C9D35A300B2CEC5 /* Models */,
				68105AFE2C9D1FA000B2CEC5 /* core */,
				681775992C9BC90F00E71EEA /* dynamics_formsApp.swift */,
				6817759D2C9BC91000E71EEA /* Assets.xcassets */,
				6817759F2C9BC91000E71EEA /* Preview Content */,
			);
			path = "dynamics-forms";
			sourceTree = "<group>";
		};
		6817759F2C9BC91000E71EEA /* Preview Content */ = {
			isa = PBXGroup;
			children = (
				681775A02C9BC91000E71EEA /* Preview Assets.xcassets */,
			);
			path = "Preview Content";
			sourceTree = "<group>";
		};
		681775A92C9BDA2100E71EEA /* Home */ = {
			isa = PBXGroup;
			children = (
				68105B022C9D1FF500B2CEC5 /* ViewModels */,
				68105AFF2C9D1FBF00B2CEC5 /* Views */,
			);
			path = Home;
			sourceTree = "<group>";
		};
		68F0A0B12CA4EDFF008722A0 /* Network */ = {
			isa = PBXGroup;
			children = (
				682D455C2CA107D600BF743B /* HttpInterface.swift */,
				682D455E2CA1084800BF743B /* HttpUrlSeassion.swift */,
			);
			path = Network;
			sourceTree = "<group>";
		};
		A3B268D78D45DCF6DB2AF175 /* Pods */ = {
			isa = PBXGroup;
			children = (
				65A361DE4CD8FC8AA6C40625 /* Pods-dynamics-forms.debug.xcconfig */,
				6E4D0FDACF951CF2ACD82F86 /* Pods-dynamics-forms.release.xcconfig */,
			);
			path = Pods;
			sourceTree = "<group>";
		};
/* End PBXGroup section */

/* Begin PBXNativeTarget section */
		681775952C9BC90F00E71EEA /* dynamics-forms */ = {
			isa = PBXNativeTarget;
			buildConfigurationList = 681775A42C9BC91000E71EEA /* Build configuration list for PBXNativeTarget "dynamics-forms" */;
			buildPhases = (
				FDD0E08BB6CC87852EAD1D7E /* [CP] Check Pods Manifest.lock */,
				681775922C9BC90F00E71EEA /* Sources */,
				681775932C9BC90F00E71EEA /* Frameworks */,
				681775942C9BC90F00E71EEA /* Resources */,
			);
			buildRules = (
			);
			dependencies = (
			);
			name = "dynamics-forms";
			packageProductDependencies = (
				68105B0E2CA09BA800B2CEC5 /* Alamofire */,
				68105B102CA09BA800B2CEC5 /* AlamofireDynamic */,
			);
			productName = "dynamics-forms";
			productReference = 681775962C9BC90F00E71EEA /* dynamics-forms.app */;
			productType = "com.apple.product-type.application";
		};
/* End PBXNativeTarget section */

/* Begin PBXProject section */
		6817758E2C9BC90F00E71EEA /* Project object */ = {
			isa = PBXProject;
			attributes = {
				BuildIndependentTargetsInParallel = 1;
				LastSwiftUpdateCheck = 1530;
				LastUpgradeCheck = 1530;
				TargetAttributes = {
					681775952C9BC90F00E71EEA = {
						CreatedOnToolsVersion = 15.3;
					};
				};
			};
			buildConfigurationList = 681775912C9BC90F00E71EEA /* Build configuration list for PBXProject "dynamics-forms" */;
			compatibilityVersion = "Xcode 14.0";
			developmentRegion = en;
			hasScannedForEncodings = 0;
			knownRegions = (
				en,
				Base,
			);
			mainGroup = 6817758D2C9BC90F00E71EEA;
			packageReferences = (
				68105B0D2CA09BA800B2CEC5 /* XCRemoteSwiftPackageReference "Alamofire" */,
			);
			productRefGroup = 681775972C9BC90F00E71EEA /* Products */;
			projectDirPath = "";
			projectRoot = "";
			targets = (
				681775952C9BC90F00E71EEA /* dynamics-forms */,
			);
		};
/* End PBXProject section */

/* Begin PBXResourcesBuildPhase section */
		681775942C9BC90F00E71EEA /* Resources */ = {
			isa = PBXResourcesBuildPhase;
			buildActionMask = 2147483647;
			files = (
				681775A12C9BC91000E71EEA /* Preview Assets.xcassets in Resources */,
				6817759E2C9BC91000E71EEA /* Assets.xcassets in Resources */,
			);
			runOnlyForDeploymentPostprocessing = 0;
		};
/* End PBXResourcesBuildPhase section */

/* Begin PBXShellScriptBuildPhase section */
		FDD0E08BB6CC87852EAD1D7E /* [CP] Check Pods Manifest.lock */ = {
			isa = PBXShellScriptBuildPhase;
			buildActionMask = 2147483647;
			files = (
			);
			inputFileListPaths = (
			);
			inputPaths = (
				"${PODS_PODFILE_DIR_PATH}/Podfile.lock",
				"${PODS_ROOT}/Manifest.lock",
			);
			name = "[CP] Check Pods Manifest.lock";
			outputFileListPaths = (
			);
			outputPaths = (
				"$(DERIVED_FILE_DIR)/Pods-dynamics-forms-checkManifestLockResult.txt",
			);
			runOnlyForDeploymentPostprocessing = 0;
			shellPath = /bin/sh;
			shellScript = "diff \"${PODS_PODFILE_DIR_PATH}/Podfile.lock\" \"${PODS_ROOT}/Manifest.lock\" > /dev/null\nif [ $? != 0 ] ; then\n    # print error to STDERR\n    echo \"error: The sandbox is not in sync with the Podfile.lock. Run 'pod install' or update your CocoaPods installation.\" >&2\n    exit 1\nfi\n# This output is used by Xcode 'outputs' to avoid re-running this script phase.\necho \"SUCCESS\" > \"${SCRIPT_OUTPUT_FILE_0}\"\n";
			showEnvVarsInLog = 0;
		};
/* End PBXShellScriptBuildPhase section */

/* Begin PBXSourcesBuildPhase section */
		681775922C9BC90F00E71EEA /* Sources */ = {
			isa = PBXSourcesBuildPhase;
			buildActionMask = 2147483647;
			files = (
				6817759C2C9BC90F00E71EEA /* HomeView.swift in Sources */,
				68A497292C9BE4FD00633C0B /* CreateFormView.swift in Sources */,
				68105B0C2C9E9D3800B2CEC5 /* OptionModel.swift in Sources */,
				682D455D2CA107D600BF743B /* HttpInterface.swift in Sources */,
				68105B162CA0A00600B2CEC5 /* FormModel.swift in Sources */,
				68105B142CA09FE000B2CEC5 /* FormDataService.swift in Sources */,
				68F0A0B62CA4F12C008722A0 /* ResponseFormModel.swift in Sources */,
				68105B082C9D4C6800B2CEC5 /* NewFormComponent.swift in Sources */,
				681775A82C9BDA1500E71EEA /* HomeViewModel.swift in Sources */,
				682D45642CA12DB500BF743B /* CreateFormViewModel.swift in Sources */,
				68105B062C9D35BE00B2CEC5 /* QuestionModel.swift in Sources */,
				682D455F2CA1084800BF743B /* HttpUrlSeassion.swift in Sources */,
				6817759A2C9BC90F00E71EEA /* dynamics_formsApp.swift in Sources */,
				68105AF92C9D077B00B2CEC5 /* FormListView.swift in Sources */,
				68F0A0B42CA4F112008722A0 /* ResponseModel.swift in Sources */,
				68105B0A2C9E921100B2CEC5 /* ResponseView.swift in Sources */,
			);
			runOnlyForDeploymentPostprocessing = 0;
		};
/* End PBXSourcesBuildPhase section */

/* Begin XCBuildConfiguration section */
		681775A22C9BC91000E71EEA /* Debug */ = {
			isa = XCBuildConfiguration;
			buildSettings = {
				ALWAYS_SEARCH_USER_PATHS = NO;
				ASSETCATALOG_COMPILER_GENERATE_SWIFT_ASSET_SYMBOL_EXTENSIONS = YES;
				CLANG_ANALYZER_NONNULL = YES;
				CLANG_ANALYZER_NUMBER_OBJECT_CONVERSION = YES_AGGRESSIVE;
				CLANG_CXX_LANGUAGE_STANDARD = "gnu++20";
				CLANG_ENABLE_MODULES = YES;
				CLANG_ENABLE_OBJC_ARC = YES;
				CLANG_ENABLE_OBJC_WEAK = YES;
				CLANG_WARN_BLOCK_CAPTURE_AUTORELEASING = YES;
				CLANG_WARN_BOOL_CONVERSION = YES;
				CLANG_WARN_COMMA = YES;
				CLANG_WARN_CONSTANT_CONVERSION = YES;
				CLANG_WARN_DEPRECATED_OBJC_IMPLEMENTATIONS = YES;
				CLANG_WARN_DIRECT_OBJC_ISA_USAGE = YES_ERROR;
				CLANG_WARN_DOCUMENTATION_COMMENTS = YES;
				CLANG_WARN_EMPTY_BODY = YES;
				CLANG_WARN_ENUM_CONVERSION = YES;
				CLANG_WARN_INFINITE_RECURSION = YES;
				CLANG_WARN_INT_CONVERSION = YES;
				CLANG_WARN_NON_LITERAL_NULL_CONVERSION = YES;
				CLANG_WARN_OBJC_IMPLICIT_RETAIN_SELF = YES;
				CLANG_WARN_OBJC_LITERAL_CONVERSION = YES;
				CLANG_WARN_OBJC_ROOT_CLASS = YES_ERROR;
				CLANG_WARN_QUOTED_INCLUDE_IN_FRAMEWORK_HEADER = YES;
				CLANG_WARN_RANGE_LOOP_ANALYSIS = YES;
				CLANG_WARN_STRICT_PROTOTYPES = YES;
				CLANG_WARN_SUSPICIOUS_MOVE = YES;
				CLANG_WARN_UNGUARDED_AVAILABILITY = YES_AGGRESSIVE;
				CLANG_WARN_UNREACHABLE_CODE = YES;
				CLANG_WARN__DUPLICATE_METHOD_MATCH = YES;
				COPY_PHASE_STRIP = NO;
				DEBUG_INFORMATION_FORMAT = dwarf;
				ENABLE_STRICT_OBJC_MSGSEND = YES;
				ENABLE_TESTABILITY = YES;
				ENABLE_USER_SCRIPT_SANDBOXING = YES;
				GCC_C_LANGUAGE_STANDARD = gnu17;
				GCC_DYNAMIC_NO_PIC = NO;
				GCC_NO_COMMON_BLOCKS = YES;
				GCC_OPTIMIZATION_LEVEL = 0;
				GCC_PREPROCESSOR_DEFINITIONS = (
					"DEBUG=1",
					"$(inherited)",
				);
				GCC_WARN_64_TO_32_BIT_CONVERSION = YES;
				GCC_WARN_ABOUT_RETURN_TYPE = YES_ERROR;
				GCC_WARN_UNDECLARED_SELECTOR = YES;
				GCC_WARN_UNINITIALIZED_AUTOS = YES_AGGRESSIVE;
				GCC_WARN_UNUSED_FUNCTION = YES;
				GCC_WARN_UNUSED_VARIABLE = YES;
				IPHONEOS_DEPLOYMENT_TARGET = 17.4;
				LOCALIZATION_PREFERS_STRING_CATALOGS = YES;
				MTL_ENABLE_DEBUG_INFO = INCLUDE_SOURCE;
				MTL_FAST_MATH = YES;
				ONLY_ACTIVE_ARCH = YES;
				SDKROOT = iphoneos;
				SWIFT_ACTIVE_COMPILATION_CONDITIONS = "DEBUG $(inherited)";
				SWIFT_OPTIMIZATION_LEVEL = "-Onone";
			};
			name = Debug;
		};
		681775A32C9BC91000E71EEA /* Release */ = {
			isa = XCBuildConfiguration;
			buildSettings = {
				ALWAYS_SEARCH_USER_PATHS = NO;
				ASSETCATALOG_COMPILER_GENERATE_SWIFT_ASSET_SYMBOL_EXTENSIONS = YES;
				CLANG_ANALYZER_NONNULL = YES;
				CLANG_ANALYZER_NUMBER_OBJECT_CONVERSION = YES_AGGRESSIVE;
				CLANG_CXX_LANGUAGE_STANDARD = "gnu++20";
				CLANG_ENABLE_MODULES = YES;
				CLANG_ENABLE_OBJC_ARC = YES;
				CLANG_ENABLE_OBJC_WEAK = YES;
				CLANG_WARN_BLOCK_CAPTURE_AUTORELEASING = YES;
				CLANG_WARN_BOOL_CONVERSION = YES;
				CLANG_WARN_COMMA = YES;
				CLANG_WARN_CONSTANT_CONVERSION = YES;
				CLANG_WARN_DEPRECATED_OBJC_IMPLEMENTATIONS = YES;
				CLANG_WARN_DIRECT_OBJC_ISA_USAGE = YES_ERROR;
				CLANG_WARN_DOCUMENTATION_COMMENTS = YES;
				CLANG_WARN_EMPTY_BODY = YES;
				CLANG_WARN_ENUM_CONVERSION = YES;
				CLANG_WARN_INFINITE_RECURSION = YES;
				CLANG_WARN_INT_CONVERSION = YES;
				CLANG_WARN_NON_LITERAL_NULL_CONVERSION = YES;
				CLANG_WARN_OBJC_IMPLICIT_RETAIN_SELF = YES;
				CLANG_WARN_OBJC_LITERAL_CONVERSION = YES;
				CLANG_WARN_OBJC_ROOT_CLASS = YES_ERROR;
				CLANG_WARN_QUOTED_INCLUDE_IN_FRAMEWORK_HEADER = YES;
				CLANG_WARN_RANGE_LOOP_ANALYSIS = YES;
				CLANG_WARN_STRICT_PROTOTYPES = YES;
				CLANG_WARN_SUSPICIOUS_MOVE = YES;
				CLANG_WARN_UNGUARDED_AVAILABILITY = YES_AGGRESSIVE;
				CLANG_WARN_UNREACHABLE_CODE = YES;
				CLANG_WARN__DUPLICATE_METHOD_MATCH = YES;
				COPY_PHASE_STRIP = NO;
				DEBUG_INFORMATION_FORMAT = "dwarf-with-dsym";
				ENABLE_NS_ASSERTIONS = NO;
				ENABLE_STRICT_OBJC_MSGSEND = YES;
				ENABLE_USER_SCRIPT_SANDBOXING = YES;
				GCC_C_LANGUAGE_STANDARD = gnu17;
				GCC_NO_COMMON_BLOCKS = YES;
				GCC_WARN_64_TO_32_BIT_CONVERSION = YES;
				GCC_WARN_ABOUT_RETURN_TYPE = YES_ERROR;
				GCC_WARN_UNDECLARED_SELECTOR = YES;
				GCC_WARN_UNINITIALIZED_AUTOS = YES_AGGRESSIVE;
				GCC_WARN_UNUSED_FUNCTION = YES;
				GCC_WARN_UNUSED_VARIABLE = YES;
				IPHONEOS_DEPLOYMENT_TARGET = 17.4;
				LOCALIZATION_PREFERS_STRING_CATALOGS = YES;
				MTL_ENABLE_DEBUG_INFO = NO;
				MTL_FAST_MATH = YES;
				SDKROOT = iphoneos;
				SWIFT_COMPILATION_MODE = wholemodule;
				VALIDATE_PRODUCT = YES;
			};
			name = Release;
		};
		681775A52C9BC91000E71EEA /* Debug */ = {
			isa = XCBuildConfiguration;
			baseConfigurationReference = 65A361DE4CD8FC8AA6C40625 /* Pods-dynamics-forms.debug.xcconfig */;
			buildSettings = {
				ASSETCATALOG_COMPILER_APPICON_NAME = AppIcon;
				ASSETCATALOG_COMPILER_GLOBAL_ACCENT_COLOR_NAME = AccentColor;
				CODE_SIGN_STYLE = Automatic;
				CURRENT_PROJECT_VERSION = 1;
				DEVELOPMENT_ASSET_PATHS = "\"dynamics-forms/Preview Content\"";
				ENABLE_PREVIEWS = YES;
				GENERATE_INFOPLIST_FILE = YES;
				INFOPLIST_KEY_UIApplicationSceneManifest_Generation = YES;
				INFOPLIST_KEY_UIApplicationSupportsIndirectInputEvents = YES;
				INFOPLIST_KEY_UILaunchScreen_Generation = YES;
				INFOPLIST_KEY_UISupportedInterfaceOrientations_iPad = "UIInterfaceOrientationPortrait UIInterfaceOrientationPortraitUpsideDown UIInterfaceOrientationLandscapeLeft UIInterfaceOrientationLandscapeRight";
				INFOPLIST_KEY_UISupportedInterfaceOrientations_iPhone = "UIInterfaceOrientationPortrait UIInterfaceOrientationLandscapeLeft UIInterfaceOrientationLandscapeRight";
				IPHONEOS_DEPLOYMENT_TARGET = 17.0;
				LD_RUNPATH_SEARCH_PATHS = (
					"$(inherited)",
					"@executable_path/Frameworks",
				);
				MARKETING_VERSION = 1.0;
				PRODUCT_BUNDLE_IDENTIFIER = "br.com.dynamics-forms";
				PRODUCT_NAME = "$(TARGET_NAME)";
				SWIFT_EMIT_LOC_STRINGS = YES;
				SWIFT_VERSION = 5.0;
				TARGETED_DEVICE_FAMILY = "1,2";
			};
			name = Debug;
		};
		681775A62C9BC91000E71EEA /* Release */ = {
			isa = XCBuildConfiguration;
			baseConfigurationReference = 6E4D0FDACF951CF2ACD82F86 /* Pods-dynamics-forms.release.xcconfig */;
			buildSettings = {
				ASSETCATALOG_COMPILER_APPICON_NAME = AppIcon;
				ASSETCATALOG_COMPILER_GLOBAL_ACCENT_COLOR_NAME = AccentColor;
				CODE_SIGN_STYLE = Automatic;
				CURRENT_PROJECT_VERSION = 1;
				DEVELOPMENT_ASSET_PATHS = "\"dynamics-forms/Preview Content\"";
				ENABLE_PREVIEWS = YES;
				GENERATE_INFOPLIST_FILE = YES;
				INFOPLIST_KEY_UIApplicationSceneManifest_Generation = YES;
				INFOPLIST_KEY_UIApplicationSupportsIndirectInputEvents = YES;
				INFOPLIST_KEY_UILaunchScreen_Generation = YES;
				INFOPLIST_KEY_UISupportedInterfaceOrientations_iPad = "UIInterfaceOrientationPortrait UIInterfaceOrientationPortraitUpsideDown UIInterfaceOrientationLandscapeLeft UIInterfaceOrientationLandscapeRight";
				INFOPLIST_KEY_UISupportedInterfaceOrientations_iPhone = "UIInterfaceOrientationPortrait UIInterfaceOrientationLandscapeLeft UIInterfaceOrientationLandscapeRight";
				IPHONEOS_DEPLOYMENT_TARGET = 17.0;
				LD_RUNPATH_SEARCH_PATHS = (
					"$(inherited)",
					"@executable_path/Frameworks",
				);
				MARKETING_VERSION = 1.0;
				PRODUCT_BUNDLE_IDENTIFIER = "br.com.dynamics-forms";
				PRODUCT_NAME = "$(TARGET_NAME)";
				SWIFT_EMIT_LOC_STRINGS = YES;
				SWIFT_VERSION = 5.0;
				TARGETED_DEVICE_FAMILY = "1,2";
			};
			name = Release;
		};
/* End XCBuildConfiguration section */

/* Begin XCConfigurationList section */
		681775912C9BC90F00E71EEA /* Build configuration list for PBXProject "dynamics-forms" */ = {
			isa = XCConfigurationList;
			buildConfigurations = (
				681775A22C9BC91000E71EEA /* Debug */,
				681775A32C9BC91000E71EEA /* Release */,
			);
			defaultConfigurationIsVisible = 0;
			defaultConfigurationName = Release;
		};
		681775A42C9BC91000E71EEA /* Build configuration list for PBXNativeTarget "dynamics-forms" */ = {
			isa = XCConfigurationList;
			buildConfigurations = (
				681775A52C9BC91000E71EEA /* Debug */,
				681775A62C9BC91000E71EEA /* Release */,
			);
			defaultConfigurationIsVisible = 0;
			defaultConfigurationName = Release;
		};
/* End XCConfigurationList section */

/* Begin XCRemoteSwiftPackageReference section */
		68105B0D2CA09BA800B2CEC5 /* XCRemoteSwiftPackageReference "Alamofire" */ = {
			isa = XCRemoteSwiftPackageReference;
			repositoryURL = "https://github.com/Alamofire/Alamofire";
			requirement = {
				kind = versionRange;
				maximumVersion = 6.0.0;
				minimumVersion = 5.9.1;
			};
		};
/* End XCRemoteSwiftPackageReference section */

/* Begin XCSwiftPackageProductDependency section */
		68105B0E2CA09BA800B2CEC5 /* Alamofire */ = {
			isa = XCSwiftPackageProductDependency;
			package = 68105B0D2CA09BA800B2CEC5 /* XCRemoteSwiftPackageReference "Alamofire" */;
			productName = Alamofire;
		};
		68105B102CA09BA800B2CEC5 /* AlamofireDynamic */ = {
			isa = XCSwiftPackageProductDependency;
			package = 68105B0D2CA09BA800B2CEC5 /* XCRemoteSwiftPackageReference "Alamofire" */;
			productName = AlamofireDynamic;
		};
/* End XCSwiftPackageProductDependency section */
	};
	rootObject = 6817758E2C9BC90F00E71EEA /* Project object */;
}
